
Microsoft Visual Studio Solution File, Format Version 12.00
# Visual Studio Version 17
VisualStudioVersion = 17.4.33205.214
MinimumVisualStudioVersion = 10.0.40219.1
Project("{9A19103F-16F7-4668-BE54-9A1E7A4F7556}") = "LeaveManagementSystem.UI", "LeaveManagementSystem.UI\LeaveManagementSystem.UI.csproj", "{BD872078-241F-4B9E-8131-AB5AB0D5D36F}"
EndProject
Project("{2150E333-8FDC-42A3-9474-1A3956D46DE8}") = "src", "src", "{8A5F4529-13FB-423B-9826-531C44885D04}"
EndProject
Project("{9A19103F-16F7-4668-BE54-9A1E7A4F7556}") = "LeaveManagementSystem.Core", "LeaveManagementSystem.Core\LeaveManagementSystem.Core.csproj", "{3CC1ED0D-A95C-474F-A61C-9BFB8D951507}"
EndProject
Project("{9A19103F-16F7-4668-BE54-9A1E7A4F7556}") = "LeaveManagementSystem.Infrastructure", "LeaveManagementSystem.Infrastructure\LeaveManagementSystem.Infrastructure.csproj", "{140B3D0F-DACF-4A51-B404-F67D0920A0FA}"
EndProject
Project("{2150E333-8FDC-42A3-9474-1A3956D46DE8}") = "tests", "tests", "{DA7806EC-BD0D-4EFF-8102-9894752EB447}"
EndProject
Project("{FAE04EC0-301F-11D3-BF4B-00C04F79EFBC}") = "LeaveManagementSystem.ServiceTests", "LeaveManagementSystem.ServiceTests\LeaveManagementSystem.ServiceTests.csproj", "{A159D79A-4736-4534-85F6-6E581BC5F3F5}"
EndProject
Global
	GlobalSection(SolutionConfigurationPlatforms) = preSolution
		Debug|Any CPU = Debug|Any CPU
		Release|Any CPU = Release|Any CPU
	EndGlobalSection
	GlobalSection(ProjectConfigurationPlatforms) = postSolution
		{BD872078-241F-4B9E-8131-AB5AB0D5D36F}.Debug|Any CPU.ActiveCfg = Debug|Any CPU
		{BD872078-241F-4B9E-8131-AB5AB0D5D36F}.Debug|Any CPU.Build.0 = Debug|Any CPU
		{BD872078-241F-4B9E-8131-AB5AB0D5D36F}.Release|Any CPU.ActiveCfg = Release|Any CPU
		{BD872078-241F-4B9E-8131-AB5AB0D5D36F}.Release|Any CPU.Build.0 = Release|Any CPU
		{3CC1ED0D-A95C-474F-A61C-9BFB8D951507}.Debug|Any CPU.ActiveCfg = Debug|Any CPU
		{3CC1ED0D-A95C-474F-A61C-9BFB8D951507}.Debug|Any CPU.Build.0 = Debug|Any CPU
		{3CC1ED0D-A95C-474F-A61C-9BFB8D951507}.Release|Any CPU.ActiveCfg = Release|Any CPU
		{3CC1ED0D-A95C-474F-A61C-9BFB8D951507}.Release|Any CPU.Build.0 = Release|Any CPU
		{140B3D0F-DACF-4A51-B404-F67D0920A0FA}.Debug|Any CPU.ActiveCfg = Debug|Any CPU
		{140B3D0F-DACF-4A51-B404-F67D0920A0FA}.Debug|Any CPU.Build.0 = Debug|Any CPU
		{140B3D0F-DACF-4A51-B404-F67D0920A0FA}.Release|Any CPU.ActiveCfg = Release|Any CPU
		{140B3D0F-DACF-4A51-B404-F67D0920A0FA}.Release|Any CPU.Build.0 = Release|Any CPU
		{A159D79A-4736-4534-85F6-6E581BC5F3F5}.Debug|Any CPU.ActiveCfg = Debug|Any CPU
		{A159D79A-4736-4534-85F6-6E581BC5F3F5}.Debug|Any CPU.Build.0 = Debug|Any CPU
		{A159D79A-4736-4534-85F6-6E581BC5F3F5}.Release|Any CPU.ActiveCfg = Release|Any CPU
		{A159D79A-4736-4534-85F6-6E581BC5F3F5}.Release|Any CPU.Build.0 = Release|Any CPU
	EndGlobalSection
	GlobalSection(SolutionProperties) = preSolution
		HideSolutionNode = FALSE
	EndGlobalSection
	GlobalSection(NestedProjects) = preSolution
		{BD872078-241F-4B9E-8131-AB5AB0D5D36F} = {8A5F4529-13FB-423B-9826-531C44885D04}
		{3CC1ED0D-A95C-474F-A61C-9BFB8D951507} = {8A5F4529-13FB-423B-9826-531C44885D04}
		{140B3D0F-DACF-4A51-B404-F67D0920A0FA} = {8A5F4529-13FB-423B-9826-531C44885D04}
		{A159D79A-4736-4534-85F6-6E581BC5F3F5} = {DA7806EC-BD0D-4EFF-8102-9894752EB447}
	EndGlobalSection
	GlobalSection(ExtensibilityGlobals) = postSolution
		SolutionGuid = {0D564A8E-144E-4E03-8EA1-E04AF19E73DC}
	EndGlobalSection
EndGlobal
